
Microsoft Visual Studio Solution File, Format Version 12.00
# Visual Studio 15
VisualStudioVersion = 15.0.26730.12
MinimumVisualStudioVersion = 10.0.40219.1
Project("{FAE04EC0-301F-11D3-BF4B-00C04F79EFBC}") = "Sauce Wars", "Sauce Wars.csproj", "{651EE2B9-DADC-6689-7326-4770AF22F11E}"
EndProject
Project("{FAE04EC0-301F-11D3-BF4B-00C04F79EFBC}") = "Sauce Wars.Editor", "Sauce Wars.Editor.csproj", "{47EB5E06-04D4-350A-080F-B414E4142436}"
EndProject
Global
	GlobalSection(SolutionConfigurationPlatforms) = preSolution
		Debug|Any CPU = Debug|Any CPU
		Release|Any CPU = Release|Any CPU
	EndGlobalSection
	GlobalSection(ProjectConfigurationPlatforms) = postSolution
		{651EE2B9-DADC-6689-7326-4770AF22F11E}.Debug|Any CPU.ActiveCfg = Debug|Any CPU
		{651EE2B9-DADC-6689-7326-4770AF22F11E}.Debug|Any CPU.Build.0 = Debug|Any CPU
		{651EE2B9-DADC-6689-7326-4770AF22F11E}.Release|Any CPU.ActiveCfg = Release|Any CPU
		{651EE2B9-DADC-6689-7326-4770AF22F11E}.Release|Any CPU.Build.0 = Release|Any CPU
		{47EB5E06-04D4-350A-080F-B414E4142436}.Debug|Any CPU.ActiveCfg = Debug|Any CPU
		{47EB5E06-04D4-350A-080F-B414E4142436}.Debug|Any CPU.Build.0 = Debug|Any CPU
		{47EB5E06-04D4-350A-080F-B414E4142436}.Release|Any CPU.ActiveCfg = Release|Any CPU
		{47EB5E06-04D4-350A-080F-B414E4142436}.Release|Any CPU.Build.0 = Release|Any CPU
	EndGlobalSection
	GlobalSection(SolutionProperties) = preSolution
		HideSolutionNode = FALSE
	EndGlobalSection
	GlobalSection(ExtensibilityGlobals) = postSolution
		SolutionGuid = {1A6D17A6-BA79-4B18-99F0-B19EB8DA189A}
	EndGlobalSection
EndGlobal
