
Microsoft Visual Studio Solution File, Format Version 12.00
# Visual Studio 2017
Project("{FAE04EC0-301F-11D3-BF4B-00C04F79EFBC}") = "Mario task", "Mario task.csproj", "{12DBAF22-CA2D-8A71-1AE9-6D7147875CE9}"
EndProject
Project("{FAE04EC0-301F-11D3-BF4B-00C04F79EFBC}") = "Mario task.Editor", "Mario task.Editor.csproj", "{9D13ECEB-FDCC-85C1-4C11-DAD42AED86D6}"
EndProject
Project("{FAE04EC0-301F-11D3-BF4B-00C04F79EFBC}") = "Mario task.Editor", "Mario task.Editor.csproj", "{9D13ECEB-FDCC-85C1-4C11-DAD42AED86D6}"
EndProject
Global
	GlobalSection(SolutionConfigurationPlatforms) = preSolution
		Debug|Any CPU = Debug|Any CPU
		Release|Any CPU = Release|Any CPU
	EndGlobalSection
	GlobalSection(ProjectConfigurationPlatforms) = postSolution
		{12DBAF22-CA2D-8A71-1AE9-6D7147875CE9}.Debug|Any CPU.ActiveCfg = Debug|Any CPU
		{12DBAF22-CA2D-8A71-1AE9-6D7147875CE9}.Debug|Any CPU.Build.0 = Debug|Any CPU
		{12DBAF22-CA2D-8A71-1AE9-6D7147875CE9}.Release|Any CPU.ActiveCfg = Release|Any CPU
		{12DBAF22-CA2D-8A71-1AE9-6D7147875CE9}.Release|Any CPU.Build.0 = Release|Any CPU
		{9D13ECEB-FDCC-85C1-4C11-DAD42AED86D6}.Debug|Any CPU.ActiveCfg = Debug|Any CPU
		{9D13ECEB-FDCC-85C1-4C11-DAD42AED86D6}.Debug|Any CPU.Build.0 = Debug|Any CPU
		{9D13ECEB-FDCC-85C1-4C11-DAD42AED86D6}.Release|Any CPU.ActiveCfg = Release|Any CPU
		{9D13ECEB-FDCC-85C1-4C11-DAD42AED86D6}.Release|Any CPU.Build.0 = Release|Any CPU
		{9D13ECEB-FDCC-85C1-4C11-DAD42AED86D6}.Debug|Any CPU.ActiveCfg = Debug|Any CPU
		{9D13ECEB-FDCC-85C1-4C11-DAD42AED86D6}.Debug|Any CPU.Build.0 = Debug|Any CPU
		{9D13ECEB-FDCC-85C1-4C11-DAD42AED86D6}.Release|Any CPU.ActiveCfg = Release|Any CPU
		{9D13ECEB-FDCC-85C1-4C11-DAD42AED86D6}.Release|Any CPU.Build.0 = Release|Any CPU
	EndGlobalSection
	GlobalSection(SolutionProperties) = preSolution
		HideSolutionNode = FALSE
	EndGlobalSection
EndGlobal
